// !$*UTF8*$!
{
	archiveVersion = 1;
	classes = {
	};
	objectVersion = 48;
	objects = {

/* Begin PBXBuildFile section */
		06265D83202CC7B900792B57 /* AppDelegate.swift in Sources */ = {isa = PBXBuildFile; fileRef = 06265D82202CC7B900792B57 /* AppDelegate.swift */; };
		06265D85202CC7B900792B57 /* ViewController.swift in Sources */ = {isa = PBXBuildFile; fileRef = 06265D84202CC7B900792B57 /* ViewController.swift */; };
		06265D88202CC7B900792B57 /* Main.storyboard in Resources */ = {isa = PBXBuildFile; fileRef = 06265D86202CC7B900792B57 /* Main.storyboard */; };
		06265D8A202CC7B900792B57 /* Assets.xcassets in Resources */ = {isa = PBXBuildFile; fileRef = 06265D89202CC7B900792B57 /* Assets.xcassets */; };
		06265D8D202CC7B900792B57 /* LaunchScreen.storyboard in Resources */ = {isa = PBXBuildFile; fileRef = 06265D8B202CC7B900792B57 /* LaunchScreen.storyboard */; };
		06265D95202D0BA700792B57 /* SQLiteDatabase.swift in Sources */ = {isa = PBXBuildFile; fileRef = 06265D94202D0BA700792B57 /* SQLiteDatabase.swift */; };
/* End PBXBuildFile section */

/* Begin PBXFileReference section */
		06265D7F202CC7B900792B57 /* Data Persistence.app */ = {isa = PBXFileReference; explicitFileType = wrapper.application; includeInIndex = 0; path = "Data Persistence.app"; sourceTree = BUILT_PRODUCTS_DIR; };
		06265D82202CC7B900792B57 /* AppDelegate.swift */ = {isa = PBXFileReference; lastKnownFileType = sourcecode.swift; path = AppDelegate.swift; sourceTree = "<group>"; };
		06265D84202CC7B900792B57 /* ViewController.swift */ = {isa = PBXFileReference; lastKnownFileType = sourcecode.swift; path = ViewController.swift; sourceTree = "<group>"; };
		06265D87202CC7B900792B57 /* Base */ = {isa = PBXFileReference; lastKnownFileType = file.storyboard; name = Base; path = Base.lproj/Main.storyboard; sourceTree = "<group>"; };
		06265D89202CC7B900792B57 /* Assets.xcassets */ = {isa = PBXFileReference; lastKnownFileType = folder.assetcatalog; path = Assets.xcassets; sourceTree = "<group>"; };
		06265D8C202CC7B900792B57 /* Base */ = {isa = PBXFileReference; lastKnownFileType = file.storyboard; name = Base; path = Base.lproj/LaunchScreen.storyboard; sourceTree = "<group>"; };
		06265D8E202CC7B900792B57 /* Info.plist */ = {isa = PBXFileReference; lastKnownFileType = text.plist.xml; path = Info.plist; sourceTree = "<group>"; };
		06265D94202D0BA700792B57 /* SQLiteDatabase.swift */ = {isa = PBXFileReference; lastKnownFileType = sourcecode.swift; path = SQLiteDatabase.swift; sourceTree = "<group>"; };
/* End PBXFileReference section */

/* Begin PBXFrameworksBuildPhase section */
		06265D7C202CC7B900792B57 /* Frameworks */ = {
			isa = PBXFrameworksBuildPhase;
			buildActionMask = 2147483647;
			files = (
			);
			runOnlyForDeploymentPostprocessing = 0;
		};
/* End PBXFrameworksBuildPhase section */

/* Begin PBXGroup section */
		06265D76202CC7B900792B57 = {
			isa = PBXGroup;
			children = (
				06265D81202CC7B900792B57 /* Data Persistence */,
				06265D80202CC7B900792B57 /* Products */,
			);
			sourceTree = "<group>";
		};
		06265D80202CC7B900792B57 /* Products */ = {
			isa = PBXGroup;
			children = (
				06265D7F202CC7B900792B57 /* Data Persistence.app */,
			);
			name = Products;
			sourceTree = "<group>";
		};
		06265D81202CC7B900792B57 /* Data Persistence */ = {
			isa = PBXGroup;
			children = (
				06265D82202CC7B900792B57 /* AppDelegate.swift */,
				06265D84202CC7B900792B57 /* ViewController.swift */,
				06265D86202CC7B900792B57 /* Main.storyboard */,
				06265D89202CC7B900792B57 /* Assets.xcassets */,
				06265D8B202CC7B900792B57 /* LaunchScreen.storyboard */,
				06265D8E202CC7B900792B57 /* Info.plist */,
				06265D94202D0BA700792B57 /* SQLiteDatabase.swift */,
			);
			path = "Data Persistence";
			sourceTree = "<group>";
		};
/* End PBXGroup section */

/* Begin PBXNativeTarget section */
		06265D7E202CC7B900792B57 /* Data Persistence */ = {
			isa = PBXNativeTarget;
			buildConfigurationList = 06265D91202CC7B900792B57 /* Build configuration list for PBXNativeTarget "Data Persistence" */;
			buildPhases = (
				06265D7B202CC7B900792B57 /* Sources */,
				06265D7C202CC7B900792B57 /* Frameworks */,
				06265D7D202CC7B900792B57 /* Resources */,
			);
			buildRules = (
			);
			dependencies = (
			);
			name = "Data Persistence";
			productName = "Data Persistence";
			productReference = 06265D7F202CC7B900792B57 /* Data Persistence.app */;
			productType = "com.apple.product-type.application";
		};
/* End PBXNativeTarget section */

/* Begin PBXProject section */
		06265D77202CC7B900792B57 /* Project object */ = {
			isa = PBXProject;
			attributes = {
				LastSwiftUpdateCheck = 0920;
				LastUpgradeCheck = 0920;
				ORGANIZATIONNAME = philips;
				TargetAttributes = {
					06265D7E202CC7B900792B57 = {
						CreatedOnToolsVersion = 9.2;
						ProvisioningStyle = Automatic;
					};
				};
			};
			buildConfigurationList = 06265D7A202CC7B900792B57 /* Build configuration list for PBXProject "Data Persistence" */;
			compatibilityVersion = "Xcode 8.0";
			developmentRegion = en;
			hasScannedForEncodings = 0;
			knownRegions = (
				en,
				Base,
			);
			mainGroup = 06265D76202CC7B900792B57;
			productRefGroup = 06265D80202CC7B900792B57 /* Products */;
			projectDirPath = "";
			projectRoot = "";
			targets = (
				06265D7E202CC7B900792B57 /* Data Persistence */,
			);
		};
/* End PBXProject section */

/* Begin PBXResourcesBuildPhase section */
		06265D7D202CC7B900792B57 /* Resources */ = {
			isa = PBXResourcesBuildPhase;
			buildActionMask = 2147483647;
			files = (
				06265D8D202CC7B900792B57 /* LaunchScreen.storyboard in Resources */,
				06265D8A202CC7B900792B57 /* Assets.xcassets in Resources */,
				06265D88202CC7B900792B57 /* Main.storyboard in Resources */,
			);
			runOnlyForDeploymentPostprocessing = 0;
		};
/* End PBXResourcesBuildPhase section */

/* Begin PBXSourcesBuildPhase section */
		06265D7B202CC7B900792B57 /* Sources */ = {
			isa = PBXSourcesBuildPhase;
			buildActionMask = 2147483647;
			files = (
				06265D85202CC7B900792B57 /* ViewController.swift in Sources */,
				06265D83202CC7B900792B57 /* AppDelegate.swift in Sources */,
				06265D95202D0BA700792B57 /* SQLiteDatabase.swift in Sources */,
			);
			runOnlyForDeploymentPostprocessing = 0;
		};
/* End PBXSourcesBuildPhase section */

/* Begin PBXVariantGroup section */
		06265D86202CC7B900792B57 /* Main.storyboard */ = {
			isa = PBXVariantGroup;
			children = (
				06265D87202CC7B900792B57 /* Base */,
			);
			name = Main.storyboard;
			sourceTree = "<group>";
		};
		06265D8B202CC7B900792B57 /* LaunchScreen.storyboard */ = {
			isa = PBXVariantGroup;
			children = (
				06265D8C202CC7B900792B57 /* Base */,
			);
			name = LaunchScreen.storyboard;
			sourceTree = "<group>";
		};
/* End PBXVariantGroup section */

/* Begin XCBuildConfiguration section */
		06265D8F202CC7B900792B57 /* Debug */ = {
			isa = XCBuildConfiguration;
			buildSettings = {
				ALWAYS_SEARCH_USER_PATHS = NO;
				CLANG_ANALYZER_NONNULL = YES;
				CLANG_ANALYZER_NUMBER_OBJECT_CONVERSION = YES_AGGRESSIVE;
				CLANG_CXX_LANGUAGE_STANDARD = "gnu++14";
				CLANG_CXX_LIBRARY = "libc++";
				CLANG_ENABLE_MODULES = YES;
				CLANG_ENABLE_OBJC_ARC = YES;
				CLANG_WARN_BLOCK_CAPTURE_AUTORELEASING = YES;
				CLANG_WARN_BOOL_CONVERSION = YES;
				CLANG_WARN_COMMA = YES;
				CLANG_WARN_CONSTANT_CONVERSION = YES;
				CLANG_WARN_DIRECT_OBJC_ISA_USAGE = YES_ERROR;
				CLANG_WARN_DOCUMENTATION_COMMENTS = YES;
				CLANG_WARN_EMPTY_BODY = YES;
				CLANG_WARN_ENUM_CONVERSION = YES;
				CLANG_WARN_INFINITE_RECURSION = YES;
				CLANG_WARN_INT_CONVERSION = YES;
				CLANG_WARN_NON_LITERAL_NULL_CONVERSION = YES;
				CLANG_WARN_OBJC_LITERAL_CONVERSION = YES;
				CLANG_WARN_OBJC_ROOT_CLASS = YES_ERROR;
				CLANG_WARN_RANGE_LOOP_ANALYSIS = YES;
				CLANG_WARN_STRICT_PROTOTYPES = YES;
				CLANG_WARN_SUSPICIOUS_MOVE = YES;
				CLANG_WARN_UNGUARDED_AVAILABILITY = YES_AGGRESSIVE;
				CLANG_WARN_UNREACHABLE_CODE = YES;
				CLANG_WARN__DUPLICATE_METHOD_MATCH = YES;
				CODE_SIGN_IDENTITY = "iPhone Developer";
				COPY_PHASE_STRIP = NO;
				DEBUG_INFORMATION_FORMAT = dwarf;
				ENABLE_STRICT_OBJC_MSGSEND = YES;
				ENABLE_TESTABILITY = YES;
				GCC_C_LANGUAGE_STANDARD = gnu11;
				GCC_DYNAMIC_NO_PIC = NO;
				GCC_NO_COMMON_BLOCKS = YES;
				GCC_OPTIMIZATION_LEVEL = 0;
				GCC_PREPROCESSOR_DEFINITIONS = (
					"DEBUG=1",
					"$(inherited)",
				);
				GCC_WARN_64_TO_32_BIT_CONVERSION = YES;
				GCC_WARN_ABOUT_RETURN_TYPE = YES_ERROR;
				GCC_WARN_UNDECLARED_SELECTOR = YES;
				GCC_WARN_UNINITIALIZED_AUTOS = YES_AGGRESSIVE;
				GCC_WARN_UNUSED_FUNCTION = YES;
				GCC_WARN_UNUSED_VARIABLE = YES;
				IPHONEOS_DEPLOYMENT_TARGET = 11.2;
				MTL_ENABLE_DEBUG_INFO = YES;
				ONLY_ACTIVE_ARCH = YES;
				SDKROOT = iphoneos;
				SWIFT_ACTIVE_COMPILATION_CONDITIONS = DEBUG;
				SWIFT_OPTIMIZATION_LEVEL = "-Onone";
			};
			name = Debug;
		};
		06265D90202CC7B900792B57 /* Release */ = {
			isa = XCBuildConfiguration;
			buildSettings = {
				ALWAYS_SEARCH_USER_PATHS = NO;
				CLANG_ANALYZER_NONNULL = YES;
				CLANG_ANALYZER_NUMBER_OBJECT_CONVERSION = YES_AGGRESSIVE;
				CLANG_CXX_LANGUAGE_STANDARD = "gnu++14";
				CLANG_CXX_LIBRARY = "libc++";
				CLANG_ENABLE_MODULES = YES;
				CLANG_ENABLE_OBJC_ARC = YES;
				CLANG_WARN_BLOCK_CAPTURE_AUTORELEASING = YES;
				CLANG_WARN_BOOL_CONVERSION = YES;
				CLANG_WARN_COMMA = YES;
				CLANG_WARN_CONSTANT_CONVERSION = YES;
				CLANG_WARN_DIRECT_OBJC_ISA_USAGE = YES_ERROR;
				CLANG_WARN_DOCUMENTATION_COMMENTS = YES;
				CLANG_WARN_EMPTY_BODY = YES;
				CLANG_WARN_ENUM_CONVERSION = YES;
				CLANG_WARN_INFINITE_RECURSION = YES;
				CLANG_WARN_INT_CONVERSION = YES;
				CLANG_WARN_NON_LITERAL_NULL_CONVERSION = YES;
				CLANG_WARN_OBJC_LITERAL_CONVERSION = YES;
				CLANG_WARN_OBJC_ROOT_CLASS = YES_ERROR;
				CLANG_WARN_RANGE_LOOP_ANALYSIS = YES;
				CLANG_WARN_STRICT_PROTOTYPES = YES;
				CLANG_WARN_SUSPICIOUS_MOVE = YES;
				CLANG_WARN_UNGUARDED_AVAILABILITY = YES_AGGRESSIVE;
				CLANG_WARN_UNREACHABLE_CODE = YES;
				CLANG_WARN__DUPLICATE_METHOD_MATCH = YES;
				CODE_SIGN_IDENTITY = "iPhone Developer";
				COPY_PHASE_STRIP = NO;
				DEBUG_INFORMATION_FORMAT = "dwarf-with-dsym";
				ENABLE_NS_ASSERTIONS = NO;
				ENABLE_STRICT_OBJC_MSGSEND = YES;
				GCC_C_LANGUAGE_STANDARD = gnu11;
				GCC_NO_COMMON_BLOCKS = YES;
				GCC_WARN_64_TO_32_BIT_CONVERSION = YES;
				GCC_WARN_ABOUT_RETURN_TYPE = YES_ERROR;
				GCC_WARN_UNDECLARED_SELECTOR = YES;
				GCC_WARN_UNINITIALIZED_AUTOS = YES_AGGRESSIVE;
				GCC_WARN_UNUSED_FUNCTION = YES;
				GCC_WARN_UNUSED_VARIABLE = YES;
				IPHONEOS_DEPLOYMENT_TARGET = 11.2;
				MTL_ENABLE_DEBUG_INFO = NO;
				SDKROOT = iphoneos;
				SWIFT_OPTIMIZATION_LEVEL = "-Owholemodule";
				VALIDATE_PRODUCT = YES;
			};
			name = Release;
		};
		06265D92202CC7B900792B57 /* Debug */ = {
			isa = XCBuildConfiguration;
			buildSettings = {
				ASSETCATALOG_COMPILER_APPICON_NAME = AppIcon;
				CODE_SIGN_STYLE = Automatic;
				INFOPLIST_FILE = "Data Persistence/Info.plist";
				LD_RUNPATH_SEARCH_PATHS = "$(inherited) @executable_path/Frameworks";
				PRODUCT_BUNDLE_IDENTIFIER = "com.philips.cdp.platform.uncleMobile.Data-Persistence";
				PRODUCT_NAME = "$(TARGET_NAME)";
				SWIFT_VERSION = 4.0;
				TARGETED_DEVICE_FAMILY = "1,2";
			};
			name = Debug;
		};
		06265D93202CC7B900792B57 /* Release */ = {
			isa = XCBuildConfiguration;
			buildSettings = {
				ASSETCATALOG_COMPILER_APPICON_NAME = AppIcon;
				CODE_SIGN_STYLE = Automatic;
				INFOPLIST_FILE = "Data Persistence/Info.plist";
				LD_RUNPATH_SEARCH_PATHS = "$(inherited) @executable_path/Frameworks";
				PRODUCT_BUNDLE_IDENTIFIER = "com.philips.cdp.platform.uncleMobile.Data-Persistence";
				PRODUCT_NAME = "$(TARGET_NAME)";
				SWIFT_VERSION = 4.0;
				TARGETED_DEVICE_FAMILY = "1,2";
			};
			name = Release;
		};
/* End XCBuildConfiguration section */

/* Begin XCConfigurationList section */
		06265D7A202CC7B900792B57 /* Build configuration list for PBXProject "Data Persistence" */ = {
			isa = XCConfigurationList;
			buildConfigurations = (
				06265D8F202CC7B900792B57 /* Debug */,
				06265D90202CC7B900792B57 /* Release */,
			);
			defaultConfigurationIsVisible = 0;
			defaultConfigurationName = Release;
		};
		06265D91202CC7B900792B57 /* Build configuration list for PBXNativeTarget "Data Persistence" */ = {
			isa = XCConfigurationList;
			buildConfigurations = (
				06265D92202CC7B900792B57 /* Debug */,
				06265D93202CC7B900792B57 /* Release */,
			);
			defaultConfigurationIsVisible = 0;
			defaultConfigurationName = Release;
		};
/* End XCConfigurationList section */
	};
	rootObject = 06265D77202CC7B900792B57 /* Project object */;
}
